
Microsoft Visual Studio Solution File, Format Version 12.00
# Visual Studio 14
VisualStudioVersion = 14.0.25420.1
MinimumVisualStudioVersion = 10.0.40219.1
Project("{FAE04EC0-301F-11D3-BF4B-00C04F79EFBC}") = "TRACKtechUWP", "TRACKtechUWP\TRACKtechUWP.csproj", "{58764246-3109-4882-97A3-F5ACB71EDBA4}"
EndProject
Project("{FAE04EC0-301F-11D3-BF4B-00C04F79EFBC}") = "NotificationConsole", "NotificationConsole\NotificationConsole.csproj", "{4D4FF309-E633-4D02-AAD4-166911CAC989}"
EndProject
Project("{FAE04EC0-301F-11D3-BF4B-00C04F79EFBC}") = "NotificationHubFunction", "NotificationHubFunction\NotificationHubFunction.csproj", "{0511C7CE-A4E1-4C58-8ECE-8F032DF3CA5F}"
EndProject
Project("{FAE04EC0-301F-11D3-BF4B-00C04F79EFBC}") = "NotificationHubFunctionLibrary", "NotificationHubFunctionLibrary\NotificationHubFunctionLibrary.csproj", "{012999E1-9B5A-4AC1-89E5-8AEFDF44B225}"
EndProject
Global
	GlobalSection(SolutionConfigurationPlatforms) = preSolution
		Debug|Any CPU = Debug|Any CPU
		Debug|ARM = Debug|ARM
		Debug|x64 = Debug|x64
		Debug|x86 = Debug|x86
		Release|Any CPU = Release|Any CPU
		Release|ARM = Release|ARM
		Release|x64 = Release|x64
		Release|x86 = Release|x86
	EndGlobalSection
	GlobalSection(ProjectConfigurationPlatforms) = postSolution
		{58764246-3109-4882-97A3-F5ACB71EDBA4}.Debug|Any CPU.ActiveCfg = Debug|x86
		{58764246-3109-4882-97A3-F5ACB71EDBA4}.Debug|ARM.ActiveCfg = Debug|ARM
		{58764246-3109-4882-97A3-F5ACB71EDBA4}.Debug|ARM.Build.0 = Debug|ARM
		{58764246-3109-4882-97A3-F5ACB71EDBA4}.Debug|ARM.Deploy.0 = Debug|ARM
		{58764246-3109-4882-97A3-F5ACB71EDBA4}.Debug|x64.ActiveCfg = Debug|x64
		{58764246-3109-4882-97A3-F5ACB71EDBA4}.Debug|x64.Build.0 = Debug|x64
		{58764246-3109-4882-97A3-F5ACB71EDBA4}.Debug|x64.Deploy.0 = Debug|x64
		{58764246-3109-4882-97A3-F5ACB71EDBA4}.Debug|x86.ActiveCfg = Debug|x86
		{58764246-3109-4882-97A3-F5ACB71EDBA4}.Debug|x86.Build.0 = Debug|x86
		{58764246-3109-4882-97A3-F5ACB71EDBA4}.Debug|x86.Deploy.0 = Debug|x86
		{58764246-3109-4882-97A3-F5ACB71EDBA4}.Release|Any CPU.ActiveCfg = Release|x86
		{58764246-3109-4882-97A3-F5ACB71EDBA4}.Release|ARM.ActiveCfg = Release|ARM
		{58764246-3109-4882-97A3-F5ACB71EDBA4}.Release|ARM.Build.0 = Release|ARM
		{58764246-3109-4882-97A3-F5ACB71EDBA4}.Release|ARM.Deploy.0 = Release|ARM
		{58764246-3109-4882-97A3-F5ACB71EDBA4}.Release|x64.ActiveCfg = Release|x64
		{58764246-3109-4882-97A3-F5ACB71EDBA4}.Release|x64.Build.0 = Release|x64
		{58764246-3109-4882-97A3-F5ACB71EDBA4}.Release|x64.Deploy.0 = Release|x64
		{58764246-3109-4882-97A3-F5ACB71EDBA4}.Release|x86.ActiveCfg = Release|x86
		{58764246-3109-4882-97A3-F5ACB71EDBA4}.Release|x86.Build.0 = Release|x86
		{58764246-3109-4882-97A3-F5ACB71EDBA4}.Release|x86.Deploy.0 = Release|x86
		{4D4FF309-E633-4D02-AAD4-166911CAC989}.Debug|Any CPU.ActiveCfg = Debug|Any CPU
		{4D4FF309-E633-4D02-AAD4-166911CAC989}.Debug|Any CPU.Build.0 = Debug|Any CPU
		{4D4FF309-E633-4D02-AAD4-166911CAC989}.Debug|ARM.ActiveCfg = Debug|Any CPU
		{4D4FF309-E633-4D02-AAD4-166911CAC989}.Debug|ARM.Build.0 = Debug|Any CPU
		{4D4FF309-E633-4D02-AAD4-166911CAC989}.Debug|x64.ActiveCfg = Debug|Any CPU
		{4D4FF309-E633-4D02-AAD4-166911CAC989}.Debug|x64.Build.0 = Debug|Any CPU
		{4D4FF309-E633-4D02-AAD4-166911CAC989}.Debug|x86.ActiveCfg = Debug|Any CPU
		{4D4FF309-E633-4D02-AAD4-166911CAC989}.Debug|x86.Build.0 = Debug|Any CPU
		{4D4FF309-E633-4D02-AAD4-166911CAC989}.Release|Any CPU.ActiveCfg = Release|Any CPU
		{4D4FF309-E633-4D02-AAD4-166911CAC989}.Release|Any CPU.Build.0 = Release|Any CPU
		{4D4FF309-E633-4D02-AAD4-166911CAC989}.Release|ARM.ActiveCfg = Release|Any CPU
		{4D4FF309-E633-4D02-AAD4-166911CAC989}.Release|ARM.Build.0 = Release|Any CPU
		{4D4FF309-E633-4D02-AAD4-166911CAC989}.Release|x64.ActiveCfg = Release|Any CPU
		{4D4FF309-E633-4D02-AAD4-166911CAC989}.Release|x64.Build.0 = Release|Any CPU
		{4D4FF309-E633-4D02-AAD4-166911CAC989}.Release|x86.ActiveCfg = Release|Any CPU
		{4D4FF309-E633-4D02-AAD4-166911CAC989}.Release|x86.Build.0 = Release|Any CPU
		{0511C7CE-A4E1-4C58-8ECE-8F032DF3CA5F}.Debug|Any CPU.ActiveCfg = Debug|Any CPU
		{0511C7CE-A4E1-4C58-8ECE-8F032DF3CA5F}.Debug|Any CPU.Build.0 = Debug|Any CPU
		{0511C7CE-A4E1-4C58-8ECE-8F032DF3CA5F}.Debug|ARM.ActiveCfg = Debug|Any CPU
		{0511C7CE-A4E1-4C58-8ECE-8F032DF3CA5F}.Debug|ARM.Build.0 = Debug|Any CPU
		{0511C7CE-A4E1-4C58-8ECE-8F032DF3CA5F}.Debug|x64.ActiveCfg = Debug|Any CPU
		{0511C7CE-A4E1-4C58-8ECE-8F032DF3CA5F}.Debug|x64.Build.0 = Debug|Any CPU
		{0511C7CE-A4E1-4C58-8ECE-8F032DF3CA5F}.Debug|x86.ActiveCfg = Debug|Any CPU
		{0511C7CE-A4E1-4C58-8ECE-8F032DF3CA5F}.Debug|x86.Build.0 = Debug|Any CPU
		{0511C7CE-A4E1-4C58-8ECE-8F032DF3CA5F}.Release|Any CPU.ActiveCfg = Release|Any CPU
		{0511C7CE-A4E1-4C58-8ECE-8F032DF3CA5F}.Release|Any CPU.Build.0 = Release|Any CPU
		{0511C7CE-A4E1-4C58-8ECE-8F032DF3CA5F}.Release|ARM.ActiveCfg = Release|Any CPU
		{0511C7CE-A4E1-4C58-8ECE-8F032DF3CA5F}.Release|ARM.Build.0 = Release|Any CPU
		{0511C7CE-A4E1-4C58-8ECE-8F032DF3CA5F}.Release|x64.ActiveCfg = Release|Any CPU
		{0511C7CE-A4E1-4C58-8ECE-8F032DF3CA5F}.Release|x64.Build.0 = Release|Any CPU
		{0511C7CE-A4E1-4C58-8ECE-8F032DF3CA5F}.Release|x86.ActiveCfg = Release|Any CPU
		{0511C7CE-A4E1-4C58-8ECE-8F032DF3CA5F}.Release|x86.Build.0 = Release|Any CPU
		{012999E1-9B5A-4AC1-89E5-8AEFDF44B225}.Debug|Any CPU.ActiveCfg = Debug|Any CPU
		{012999E1-9B5A-4AC1-89E5-8AEFDF44B225}.Debug|Any CPU.Build.0 = Debug|Any CPU
		{012999E1-9B5A-4AC1-89E5-8AEFDF44B225}.Debug|ARM.ActiveCfg = Debug|Any CPU
		{012999E1-9B5A-4AC1-89E5-8AEFDF44B225}.Debug|ARM.Build.0 = Debug|Any CPU
		{012999E1-9B5A-4AC1-89E5-8AEFDF44B225}.Debug|x64.ActiveCfg = Debug|Any CPU
		{012999E1-9B5A-4AC1-89E5-8AEFDF44B225}.Debug|x64.Build.0 = Debug|Any CPU
		{012999E1-9B5A-4AC1-89E5-8AEFDF44B225}.Debug|x86.ActiveCfg = Debug|Any CPU
		{012999E1-9B5A-4AC1-89E5-8AEFDF44B225}.Debug|x86.Build.0 = Debug|Any CPU
		{012999E1-9B5A-4AC1-89E5-8AEFDF44B225}.Release|Any CPU.ActiveCfg = Release|Any CPU
		{012999E1-9B5A-4AC1-89E5-8AEFDF44B225}.Release|Any CPU.Build.0 = Release|Any CPU
		{012999E1-9B5A-4AC1-89E5-8AEFDF44B225}.Release|ARM.ActiveCfg = Release|Any CPU
		{012999E1-9B5A-4AC1-89E5-8AEFDF44B225}.Release|ARM.Build.0 = Release|Any CPU
		{012999E1-9B5A-4AC1-89E5-8AEFDF44B225}.Release|x64.ActiveCfg = Release|Any CPU
		{012999E1-9B5A-4AC1-89E5-8AEFDF44B225}.Release|x64.Build.0 = Release|Any CPU
		{012999E1-9B5A-4AC1-89E5-8AEFDF44B225}.Release|x86.ActiveCfg = Release|Any CPU
		{012999E1-9B5A-4AC1-89E5-8AEFDF44B225}.Release|x86.Build.0 = Release|Any CPU
	EndGlobalSection
	GlobalSection(SolutionProperties) = preSolution
		HideSolutionNode = FALSE
	EndGlobalSection
EndGlobal
